{
  "requires": true,
  "lockfileVersion": 1,
  "dependencies": {
    "sweetalert2": {
      "version": "9.17.1",
      "resolved": "https://registry.npmjs.org/sweetalert2/-/sweetalert2-9.17.1.tgz",
      "integrity": "sha512-D/VE2lT/bKd64/RBglLUtQ+3nsftzjzIiP2iqN6zPzPwf+2djIY+4k8Bg430zxRUn4DkZzyIuU58q3n0J43lvw=="
    },
    "vue-sweetalert2": {
      "version": "3.0.6",
      "resolved": "https://registry.npmjs.org/vue-sweetalert2/-/vue-sweetalert2-3.0.6.tgz",
      "integrity": "sha512-uT+UrASTlwVCeNCZwPVdzN28KQfnVDEYXdfJr3OJwt77bWfcVZrNDOqezZq0Y45SWpkpYKjrQr1/mjieuriWmg==",
      "requires": {
        "sweetalert2": "9.x"
      }
    }
  }
}
